
Microsoft Visual Studio Solution File, Format Version 12.00
# Visual Studio Version 16
VisualStudioVersion = 16.0.32126.315
MinimumVisualStudioVersion = 10.0.40219.1
Project("{FAE04EC0-301F-11D3-BF4B-00C04F79EFBC}") = "nhapsach", "nhapsach\nhapsach.csproj", "{77AB654E-EB05-49C7-B3F8-0A3A160D0495}"
EndProject
Global
	GlobalSection(SolutionConfigurationPlatforms) = preSolution
		Debug|Any CPU = Debug|Any CPU
		Release|Any CPU = Release|Any CPU
	EndGlobalSection
	GlobalSection(ProjectConfigurationPlatforms) = postSolution
		{77AB654E-EB05-49C7-B3F8-0A3A160D0495}.Debug|Any CPU.ActiveCfg = Debug|Any CPU
		{77AB654E-EB05-49C7-B3F8-0A3A160D0495}.Debug|Any CPU.Build.0 = Debug|Any CPU
		{77AB654E-EB05-49C7-B3F8-0A3A160D0495}.Release|Any CPU.ActiveCfg = Release|Any CPU
		{77AB654E-EB05-49C7-B3F8-0A3A160D0495}.Release|Any CPU.Build.0 = Release|Any CPU
	EndGlobalSection
	GlobalSection(SolutionProperties) = preSolution
		HideSolutionNode = FALSE
	EndGlobalSection
	GlobalSection(ExtensibilityGlobals) = postSolution
		SolutionGuid = {073763A8-3CE7-4F8C-B750-DF07E3B2D598}
	EndGlobalSection
EndGlobal
