
Microsoft Visual Studio Solution File, Format Version 12.00
# Visual Studio Version 16
VisualStudioVersion = 16.0.31019.35
MinimumVisualStudioVersion = 10.0.40219.1
Project("{FAE04EC0-301F-11D3-BF4B-00C04F79EFBC}") = "ThayDoiQuyDinh", "ThayDoiQuyDinh\ThayDoiQuyDinh.csproj", "{AE853298-57AA-441F-88E1-FB0DB093A98E}"
EndProject
Global
	GlobalSection(SolutionConfigurationPlatforms) = preSolution
		Debug|Any CPU = Debug|Any CPU
		Release|Any CPU = Release|Any CPU
	EndGlobalSection
	GlobalSection(ProjectConfigurationPlatforms) = postSolution
		{AE853298-57AA-441F-88E1-FB0DB093A98E}.Debug|Any CPU.ActiveCfg = Debug|Any CPU
		{AE853298-57AA-441F-88E1-FB0DB093A98E}.Debug|Any CPU.Build.0 = Debug|Any CPU
		{AE853298-57AA-441F-88E1-FB0DB093A98E}.Release|Any CPU.ActiveCfg = Release|Any CPU
		{AE853298-57AA-441F-88E1-FB0DB093A98E}.Release|Any CPU.Build.0 = Release|Any CPU
	EndGlobalSection
	GlobalSection(SolutionProperties) = preSolution
		HideSolutionNode = FALSE
	EndGlobalSection
	GlobalSection(ExtensibilityGlobals) = postSolution
		SolutionGuid = {ECBE01A4-DC84-433F-84FC-61B460C61007}
	EndGlobalSection
EndGlobal
